{
  "version": 1,
  "dependencies": {
    "net10.0-windows10.0.22000": {
      "agentsandbox.application": {
        "type": "Project",
        "dependencies": {
          "AgentSandbox.Domain": "[1.0.0, )"
        }
      },
      "agentsandbox.domain": {
        "type": "Project"
      },
      "agentsandbox.infrastructure": {
        "type": "Project",
        "dependencies": {
          "AgentSandbox.Application": "[1.0.0, )",
          "AgentSandbox.Domain": "[1.0.0, )"
        }
      }
    },
    "net10.0-windows10.0.22000/win-x64": {}
  }
}